
Microsoft Visual Studio Solution File, Format Version 12.00
# Visual Studio Version 17
VisualStudioVersion = 17.13.35919.96
MinimumVisualStudioVersion = 10.0.40219.1
Project("{FAE04EC0-301F-11D3-BF4B-00C04F79EFBC}") = "sentinel-api", "sentinel-api\sentinel-api.csproj", "{92FA5F7E-31D0-410B-90EF-5DFD065E1065}"
EndProject
Global
	GlobalSection(SolutionConfigurationPlatforms) = preSolution
		Debug|Any CPU = Debug|Any CPU
		Release|Any CPU = Release|Any CPU
	EndGlobalSection
	GlobalSection(ProjectConfigurationPlatforms) = postSolution
		{92FA5F7E-31D0-410B-90EF-5DFD065E1065}.Debug|Any CPU.ActiveCfg = Debug|Any CPU
		{92FA5F7E-31D0-410B-90EF-5DFD065E1065}.Debug|Any CPU.Build.0 = Debug|Any CPU
		{92FA5F7E-31D0-410B-90EF-5DFD065E1065}.Release|Any CPU.ActiveCfg = Release|Any CPU
		{92FA5F7E-31D0-410B-90EF-5DFD065E1065}.Release|Any CPU.Build.0 = Release|Any CPU
	EndGlobalSection
	GlobalSection(SolutionProperties) = preSolution
		HideSolutionNode = FALSE
	EndGlobalSection
	GlobalSection(ExtensibilityGlobals) = postSolution
		SolutionGuid = {0253CF3F-30BF-4EFD-887B-6AB509DDB241}
	EndGlobalSection
EndGlobal
